
Microsoft Visual Studio Solution File, Format Version 12.00
# Visual Studio Version 17
VisualStudioVersion = 17.2.32616.157
MinimumVisualStudioVersion = 10.0.40219.1
Project("{2150E333-8FDC-42A3-9474-1A3956D46DE8}") = "Services", "Services", "{E3D81509-D800-41F8-A5E7-60A169FA0DC8}"
EndProject
Project("{2150E333-8FDC-42A3-9474-1A3956D46DE8}") = "WebApps", "WebApps", "{96C539F6-4A16-4317-80B5-4677D06391EF}"
EndProject
Project("{2150E333-8FDC-42A3-9474-1A3956D46DE8}") = "Messages", "Messages", "{6FFD86F4-6520-410F-BBD0-7DC1F7487EFA}"
EndProject
Project("{2150E333-8FDC-42A3-9474-1A3956D46DE8}") = "Bitrix Portal", "Bitrix Portal", "{7450FD8C-BE15-4AF8-949D-6200DAE9DEAA}"
EndProject
Project("{2150E333-8FDC-42A3-9474-1A3956D46DE8}") = "Subscription", "Subscription", "{1D78284F-FD1A-47BE-ADA4-926399B700BE}"
EndProject
Project("{2150E333-8FDC-42A3-9474-1A3956D46DE8}") = "Payment", "Payment", "{DF8A34DA-B0BF-4AB1-9113-A839C5AF003A}"
EndProject
Project("{2150E333-8FDC-42A3-9474-1A3956D46DE8}") = "Administration", "Administration", "{20A432EE-D91D-47B3-B259-4BFA50736201}"
EndProject
Project("{2150E333-8FDC-42A3-9474-1A3956D46DE8}") = "Core", "Core", "{BB908CAC-13DB-46D2-940C-776BF3EE6EB6}"
EndProject
Project("{FAE04EC0-301F-11D3-BF4B-00C04F79EFBC}") = "MWI.Admin.Application", "src\MWI.Admin.Application\MWI.Admin.Application.csproj", "{9675038E-6D35-4450-9C82-8218923E0571}"
EndProject
Project("{FAE04EC0-301F-11D3-BF4B-00C04F79EFBC}") = "MWI.Core", "src\MWI.Core\MWI.Core.csproj", "{09CE91D8-E49D-4659-A111-10E12B435F21}"
EndProject
Project("{FAE04EC0-301F-11D3-BF4B-00C04F79EFBC}") = "MWI.BitrixPortal.Application", "src\MWI.BitrixPortal.Application\MWI.BitrixPortal.Application.csproj", "{FCC804A0-4FC5-4204-971C-7D4F5A7673DB}"
EndProject
Project("{FAE04EC0-301F-11D3-BF4B-00C04F79EFBC}") = "MWI.BitrixPortal.Data", "src\MWI.BitrixPortal.Data\MWI.BitrixPortal.Data.csproj", "{D5EF0ED0-5A07-4933-8525-CE00FD9B70A6}"
EndProject
Project("{FAE04EC0-301F-11D3-BF4B-00C04F79EFBC}") = "MWI.BitrixPortal.Domain", "src\MWI.BitrixPortal.Domain\MWI.BitrixPortal.Domain.csproj", "{61011EE7-4541-4610-9369-265106FE065F}"
EndProject
Project("{2150E333-8FDC-42A3-9474-1A3956D46DE8}") = "Send", "Send", "{BEAC0164-CB38-4B3B-B07F-248B750FCD09}"
EndProject
Project("{2150E333-8FDC-42A3-9474-1A3956D46DE8}") = "Receive", "Receive", "{6FAF156E-DC49-4850-8488-4B0F07394049}"
EndProject
Project("{FAE04EC0-301F-11D3-BF4B-00C04F79EFBC}") = "MWI.SendMessage.Application", "src\MWI.SendMessage.Application\MWI.SendMessage.Application.csproj", "{0DD0C55F-8C0E-47E6-9DB6-1ECD8CA46CDD}"
EndProject
Project("{FAE04EC0-301F-11D3-BF4B-00C04F79EFBC}") = "MWI.SendMessage.Data", "src\MWI.SendMessage.Data\MWI.SendMessage.Data.csproj", "{94E6C7FA-10ED-4C56-AE84-7D9885742FD4}"
EndProject
Project("{FAE04EC0-301F-11D3-BF4B-00C04F79EFBC}") = "MWI.SendMessage.Domain", "src\MWI.SendMessage.Domain\MWI.SendMessage.Domain.csproj", "{A15C3CFB-8772-48BF-A37F-6FE86AF53A7D}"
EndProject
Project("{FAE04EC0-301F-11D3-BF4B-00C04F79EFBC}") = "MWI.SendMessage.Infra", "src\MWI.SendMessage.Infra\MWI.SendMessage.Infra.csproj", "{969D60A9-7B36-4DCC-9E50-461A6F260D5B}"
EndProject
Project("{FAE04EC0-301F-11D3-BF4B-00C04F79EFBC}") = "MWI.ReceiveMessage.Application", "src\MWI.ReceiveMessage.Application\MWI.ReceiveMessage.Application.csproj", "{83737EB8-6399-4AFE-A50B-E9B7D5992BFE}"
EndProject
Project("{FAE04EC0-301F-11D3-BF4B-00C04F79EFBC}") = "MWI.ReceiveMessage.Data", "src\MWI.ReceiveMessage.Data\MWI.ReceiveMessage.Data.csproj", "{F29AF0E6-B208-4320-8FD4-92DC098D24C5}"
EndProject
Project("{FAE04EC0-301F-11D3-BF4B-00C04F79EFBC}") = "MWI.ReceiveMessage.Domain", "src\MWI.ReceiveMessage.Domain\MWI.ReceiveMessage.Domain.csproj", "{5E6E37FC-FEEC-4912-B205-E73C71CF48BB}"
EndProject
Project("{FAE04EC0-301F-11D3-BF4B-00C04F79EFBC}") = "MWI.ReceiveMessage.Infra", "src\MWI.ReceiveMessage.Infra\MWI.ReceiveMessage.Infra.csproj", "{B13340DA-30E9-41FC-85F5-23D7CDF5CAE2}"
EndProject
Project("{FAE04EC0-301F-11D3-BF4B-00C04F79EFBC}") = "MWI.Payment.Application", "src\MWI.Payment.Application\MWI.Payment.Application.csproj", "{F2CB363A-E3C8-470B-89C4-6001397A131E}"
EndProject
Project("{FAE04EC0-301F-11D3-BF4B-00C04F79EFBC}") = "MWI.Payment.Data", "src\MWI.Payment.Data\MWI.Payment.Data.csproj", "{B77C4EA6-7A74-4D5F-A898-B100EE1DD0FF}"
EndProject
Project("{FAE04EC0-301F-11D3-BF4B-00C04F79EFBC}") = "MWI.Payment.Domain", "src\MWI.Payment.Domain\MWI.Payment.Domain.csproj", "{CED0E2CC-1083-4EA9-AC99-3A596A186568}"
EndProject
Project("{FAE04EC0-301F-11D3-BF4B-00C04F79EFBC}") = "MWI.Payment.AntiCorruption", "src\MWI.Payment.AntiCorruption\MWI.Payment.AntiCorruption.csproj", "{211AD352-12E6-47D0-99CB-BDDDF2647027}"
EndProject
Project("{FAE04EC0-301F-11D3-BF4B-00C04F79EFBC}") = "MWI.Subscription.Application", "src\MWI.Subscription.Application\MWI.Subscription.Application.csproj", "{124FC4E0-EA5F-4B59-98F8-F2D6EBB0076E}"
EndProject
Project("{FAE04EC0-301F-11D3-BF4B-00C04F79EFBC}") = "MWI.Subscription.Data", "src\MWI.Subscription.Data\MWI.Subscription.Data.csproj", "{2F08DF5D-31AA-448D-97CA-5821AE132593}"
EndProject
Project("{FAE04EC0-301F-11D3-BF4B-00C04F79EFBC}") = "MWI.Subscription.Domain", "src\MWI.Subscription.Domain\MWI.Subscription.Domain.csproj", "{97E53AC0-8165-4F6A-BDA1-A74FC9BF665B}"
EndProject
Project("{FAE04EC0-301F-11D3-BF4B-00C04F79EFBC}") = "MWI.Subscription.Infra", "src\MWI.Subscription.Infra\MWI.Subscription.Infra.csproj", "{94BB27C9-94CD-4518-8813-079AB84BD499}"
EndProject
Project("{FAE04EC0-301F-11D3-BF4B-00C04F79EFBC}") = "MWI.WebApp.MVC", "src\MWI.WebApp.MVC\MWI.WebApp.MVC.csproj", "{1E33649D-F2E8-4EAB-A046-29CC0B55838F}"
EndProject
Global
	GlobalSection(SolutionConfigurationPlatforms) = preSolution
		Debug|Any CPU = Debug|Any CPU
		Release|Any CPU = Release|Any CPU
	EndGlobalSection
	GlobalSection(ProjectConfigurationPlatforms) = postSolution
		{9675038E-6D35-4450-9C82-8218923E0571}.Debug|Any CPU.ActiveCfg = Debug|Any CPU
		{9675038E-6D35-4450-9C82-8218923E0571}.Debug|Any CPU.Build.0 = Debug|Any CPU
		{9675038E-6D35-4450-9C82-8218923E0571}.Release|Any CPU.ActiveCfg = Release|Any CPU
		{9675038E-6D35-4450-9C82-8218923E0571}.Release|Any CPU.Build.0 = Release|Any CPU
		{09CE91D8-E49D-4659-A111-10E12B435F21}.Debug|Any CPU.ActiveCfg = Debug|Any CPU
		{09CE91D8-E49D-4659-A111-10E12B435F21}.Debug|Any CPU.Build.0 = Debug|Any CPU
		{09CE91D8-E49D-4659-A111-10E12B435F21}.Release|Any CPU.ActiveCfg = Release|Any CPU
		{09CE91D8-E49D-4659-A111-10E12B435F21}.Release|Any CPU.Build.0 = Release|Any CPU
		{FCC804A0-4FC5-4204-971C-7D4F5A7673DB}.Debug|Any CPU.ActiveCfg = Debug|Any CPU
		{FCC804A0-4FC5-4204-971C-7D4F5A7673DB}.Debug|Any CPU.Build.0 = Debug|Any CPU
		{FCC804A0-4FC5-4204-971C-7D4F5A7673DB}.Release|Any CPU.ActiveCfg = Release|Any CPU
		{FCC804A0-4FC5-4204-971C-7D4F5A7673DB}.Release|Any CPU.Build.0 = Release|Any CPU
		{D5EF0ED0-5A07-4933-8525-CE00FD9B70A6}.Debug|Any CPU.ActiveCfg = Debug|Any CPU
		{D5EF0ED0-5A07-4933-8525-CE00FD9B70A6}.Debug|Any CPU.Build.0 = Debug|Any CPU
		{D5EF0ED0-5A07-4933-8525-CE00FD9B70A6}.Release|Any CPU.ActiveCfg = Release|Any CPU
		{D5EF0ED0-5A07-4933-8525-CE00FD9B70A6}.Release|Any CPU.Build.0 = Release|Any CPU
		{61011EE7-4541-4610-9369-265106FE065F}.Debug|Any CPU.ActiveCfg = Debug|Any CPU
		{61011EE7-4541-4610-9369-265106FE065F}.Debug|Any CPU.Build.0 = Debug|Any CPU
		{61011EE7-4541-4610-9369-265106FE065F}.Release|Any CPU.ActiveCfg = Release|Any CPU
		{61011EE7-4541-4610-9369-265106FE065F}.Release|Any CPU.Build.0 = Release|Any CPU
		{0DD0C55F-8C0E-47E6-9DB6-1ECD8CA46CDD}.Debug|Any CPU.ActiveCfg = Debug|Any CPU
		{0DD0C55F-8C0E-47E6-9DB6-1ECD8CA46CDD}.Debug|Any CPU.Build.0 = Debug|Any CPU
		{0DD0C55F-8C0E-47E6-9DB6-1ECD8CA46CDD}.Release|Any CPU.ActiveCfg = Release|Any CPU
		{0DD0C55F-8C0E-47E6-9DB6-1ECD8CA46CDD}.Release|Any CPU.Build.0 = Release|Any CPU
		{94E6C7FA-10ED-4C56-AE84-7D9885742FD4}.Debug|Any CPU.ActiveCfg = Debug|Any CPU
		{94E6C7FA-10ED-4C56-AE84-7D9885742FD4}.Debug|Any CPU.Build.0 = Debug|Any CPU
		{94E6C7FA-10ED-4C56-AE84-7D9885742FD4}.Release|Any CPU.ActiveCfg = Release|Any CPU
		{94E6C7FA-10ED-4C56-AE84-7D9885742FD4}.Release|Any CPU.Build.0 = Release|Any CPU
		{A15C3CFB-8772-48BF-A37F-6FE86AF53A7D}.Debug|Any CPU.ActiveCfg = Debug|Any CPU
		{A15C3CFB-8772-48BF-A37F-6FE86AF53A7D}.Debug|Any CPU.Build.0 = Debug|Any CPU
		{A15C3CFB-8772-48BF-A37F-6FE86AF53A7D}.Release|Any CPU.ActiveCfg = Release|Any CPU
		{A15C3CFB-8772-48BF-A37F-6FE86AF53A7D}.Release|Any CPU.Build.0 = Release|Any CPU
		{969D60A9-7B36-4DCC-9E50-461A6F260D5B}.Debug|Any CPU.ActiveCfg = Debug|Any CPU
		{969D60A9-7B36-4DCC-9E50-461A6F260D5B}.Debug|Any CPU.Build.0 = Debug|Any CPU
		{969D60A9-7B36-4DCC-9E50-461A6F260D5B}.Release|Any CPU.ActiveCfg = Release|Any CPU
		{969D60A9-7B36-4DCC-9E50-461A6F260D5B}.Release|Any CPU.Build.0 = Release|Any CPU
		{83737EB8-6399-4AFE-A50B-E9B7D5992BFE}.Debug|Any CPU.ActiveCfg = Debug|Any CPU
		{83737EB8-6399-4AFE-A50B-E9B7D5992BFE}.Debug|Any CPU.Build.0 = Debug|Any CPU
		{83737EB8-6399-4AFE-A50B-E9B7D5992BFE}.Release|Any CPU.ActiveCfg = Release|Any CPU
		{83737EB8-6399-4AFE-A50B-E9B7D5992BFE}.Release|Any CPU.Build.0 = Release|Any CPU
		{F29AF0E6-B208-4320-8FD4-92DC098D24C5}.Debug|Any CPU.ActiveCfg = Debug|Any CPU
		{F29AF0E6-B208-4320-8FD4-92DC098D24C5}.Debug|Any CPU.Build.0 = Debug|Any CPU
		{F29AF0E6-B208-4320-8FD4-92DC098D24C5}.Release|Any CPU.ActiveCfg = Release|Any CPU
		{F29AF0E6-B208-4320-8FD4-92DC098D24C5}.Release|Any CPU.Build.0 = Release|Any CPU
		{5E6E37FC-FEEC-4912-B205-E73C71CF48BB}.Debug|Any CPU.ActiveCfg = Debug|Any CPU
		{5E6E37FC-FEEC-4912-B205-E73C71CF48BB}.Debug|Any CPU.Build.0 = Debug|Any CPU
		{5E6E37FC-FEEC-4912-B205-E73C71CF48BB}.Release|Any CPU.ActiveCfg = Release|Any CPU
		{5E6E37FC-FEEC-4912-B205-E73C71CF48BB}.Release|Any CPU.Build.0 = Release|Any CPU
		{B13340DA-30E9-41FC-85F5-23D7CDF5CAE2}.Debug|Any CPU.ActiveCfg = Debug|Any CPU
		{B13340DA-30E9-41FC-85F5-23D7CDF5CAE2}.Debug|Any CPU.Build.0 = Debug|Any CPU
		{B13340DA-30E9-41FC-85F5-23D7CDF5CAE2}.Release|Any CPU.ActiveCfg = Release|Any CPU
		{B13340DA-30E9-41FC-85F5-23D7CDF5CAE2}.Release|Any CPU.Build.0 = Release|Any CPU
		{F2CB363A-E3C8-470B-89C4-6001397A131E}.Debug|Any CPU.ActiveCfg = Debug|Any CPU
		{F2CB363A-E3C8-470B-89C4-6001397A131E}.Debug|Any CPU.Build.0 = Debug|Any CPU
		{F2CB363A-E3C8-470B-89C4-6001397A131E}.Release|Any CPU.ActiveCfg = Release|Any CPU
		{F2CB363A-E3C8-470B-89C4-6001397A131E}.Release|Any CPU.Build.0 = Release|Any CPU
		{B77C4EA6-7A74-4D5F-A898-B100EE1DD0FF}.Debug|Any CPU.ActiveCfg = Debug|Any CPU
		{B77C4EA6-7A74-4D5F-A898-B100EE1DD0FF}.Debug|Any CPU.Build.0 = Debug|Any CPU
		{B77C4EA6-7A74-4D5F-A898-B100EE1DD0FF}.Release|Any CPU.ActiveCfg = Release|Any CPU
		{B77C4EA6-7A74-4D5F-A898-B100EE1DD0FF}.Release|Any CPU.Build.0 = Release|Any CPU
		{CED0E2CC-1083-4EA9-AC99-3A596A186568}.Debug|Any CPU.ActiveCfg = Debug|Any CPU
		{CED0E2CC-1083-4EA9-AC99-3A596A186568}.Debug|Any CPU.Build.0 = Debug|Any CPU
		{CED0E2CC-1083-4EA9-AC99-3A596A186568}.Release|Any CPU.ActiveCfg = Release|Any CPU
		{CED0E2CC-1083-4EA9-AC99-3A596A186568}.Release|Any CPU.Build.0 = Release|Any CPU
		{211AD352-12E6-47D0-99CB-BDDDF2647027}.Debug|Any CPU.ActiveCfg = Debug|Any CPU
		{211AD352-12E6-47D0-99CB-BDDDF2647027}.Debug|Any CPU.Build.0 = Debug|Any CPU
		{211AD352-12E6-47D0-99CB-BDDDF2647027}.Release|Any CPU.ActiveCfg = Release|Any CPU
		{211AD352-12E6-47D0-99CB-BDDDF2647027}.Release|Any CPU.Build.0 = Release|Any CPU
		{124FC4E0-EA5F-4B59-98F8-F2D6EBB0076E}.Debug|Any CPU.ActiveCfg = Debug|Any CPU
		{124FC4E0-EA5F-4B59-98F8-F2D6EBB0076E}.Debug|Any CPU.Build.0 = Debug|Any CPU
		{124FC4E0-EA5F-4B59-98F8-F2D6EBB0076E}.Release|Any CPU.ActiveCfg = Release|Any CPU
		{124FC4E0-EA5F-4B59-98F8-F2D6EBB0076E}.Release|Any CPU.Build.0 = Release|Any CPU
		{2F08DF5D-31AA-448D-97CA-5821AE132593}.Debug|Any CPU.ActiveCfg = Debug|Any CPU
		{2F08DF5D-31AA-448D-97CA-5821AE132593}.Debug|Any CPU.Build.0 = Debug|Any CPU
		{2F08DF5D-31AA-448D-97CA-5821AE132593}.Release|Any CPU.ActiveCfg = Release|Any CPU
		{2F08DF5D-31AA-448D-97CA-5821AE132593}.Release|Any CPU.Build.0 = Release|Any CPU
		{97E53AC0-8165-4F6A-BDA1-A74FC9BF665B}.Debug|Any CPU.ActiveCfg = Debug|Any CPU
		{97E53AC0-8165-4F6A-BDA1-A74FC9BF665B}.Debug|Any CPU.Build.0 = Debug|Any CPU
		{97E53AC0-8165-4F6A-BDA1-A74FC9BF665B}.Release|Any CPU.ActiveCfg = Release|Any CPU
		{97E53AC0-8165-4F6A-BDA1-A74FC9BF665B}.Release|Any CPU.Build.0 = Release|Any CPU
		{94BB27C9-94CD-4518-8813-079AB84BD499}.Debug|Any CPU.ActiveCfg = Debug|Any CPU
		{94BB27C9-94CD-4518-8813-079AB84BD499}.Debug|Any CPU.Build.0 = Debug|Any CPU
		{94BB27C9-94CD-4518-8813-079AB84BD499}.Release|Any CPU.ActiveCfg = Release|Any CPU
		{94BB27C9-94CD-4518-8813-079AB84BD499}.Release|Any CPU.Build.0 = Release|Any CPU
		{1E33649D-F2E8-4EAB-A046-29CC0B55838F}.Debug|Any CPU.ActiveCfg = Debug|Any CPU
		{1E33649D-F2E8-4EAB-A046-29CC0B55838F}.Debug|Any CPU.Build.0 = Debug|Any CPU
		{1E33649D-F2E8-4EAB-A046-29CC0B55838F}.Release|Any CPU.ActiveCfg = Release|Any CPU
		{1E33649D-F2E8-4EAB-A046-29CC0B55838F}.Release|Any CPU.Build.0 = Release|Any CPU
	EndGlobalSection
	GlobalSection(SolutionProperties) = preSolution
		HideSolutionNode = FALSE
	EndGlobalSection
	GlobalSection(NestedProjects) = preSolution
		{6FFD86F4-6520-410F-BBD0-7DC1F7487EFA} = {E3D81509-D800-41F8-A5E7-60A169FA0DC8}
		{7450FD8C-BE15-4AF8-949D-6200DAE9DEAA} = {E3D81509-D800-41F8-A5E7-60A169FA0DC8}
		{1D78284F-FD1A-47BE-ADA4-926399B700BE} = {E3D81509-D800-41F8-A5E7-60A169FA0DC8}
		{DF8A34DA-B0BF-4AB1-9113-A839C5AF003A} = {E3D81509-D800-41F8-A5E7-60A169FA0DC8}
		{20A432EE-D91D-47B3-B259-4BFA50736201} = {E3D81509-D800-41F8-A5E7-60A169FA0DC8}
		{BB908CAC-13DB-46D2-940C-776BF3EE6EB6} = {E3D81509-D800-41F8-A5E7-60A169FA0DC8}
		{9675038E-6D35-4450-9C82-8218923E0571} = {20A432EE-D91D-47B3-B259-4BFA50736201}
		{09CE91D8-E49D-4659-A111-10E12B435F21} = {BB908CAC-13DB-46D2-940C-776BF3EE6EB6}
		{FCC804A0-4FC5-4204-971C-7D4F5A7673DB} = {7450FD8C-BE15-4AF8-949D-6200DAE9DEAA}
		{D5EF0ED0-5A07-4933-8525-CE00FD9B70A6} = {7450FD8C-BE15-4AF8-949D-6200DAE9DEAA}
		{61011EE7-4541-4610-9369-265106FE065F} = {7450FD8C-BE15-4AF8-949D-6200DAE9DEAA}
		{BEAC0164-CB38-4B3B-B07F-248B750FCD09} = {6FFD86F4-6520-410F-BBD0-7DC1F7487EFA}
		{6FAF156E-DC49-4850-8488-4B0F07394049} = {6FFD86F4-6520-410F-BBD0-7DC1F7487EFA}
		{0DD0C55F-8C0E-47E6-9DB6-1ECD8CA46CDD} = {BEAC0164-CB38-4B3B-B07F-248B750FCD09}
		{94E6C7FA-10ED-4C56-AE84-7D9885742FD4} = {BEAC0164-CB38-4B3B-B07F-248B750FCD09}
		{A15C3CFB-8772-48BF-A37F-6FE86AF53A7D} = {BEAC0164-CB38-4B3B-B07F-248B750FCD09}
		{969D60A9-7B36-4DCC-9E50-461A6F260D5B} = {BEAC0164-CB38-4B3B-B07F-248B750FCD09}
		{83737EB8-6399-4AFE-A50B-E9B7D5992BFE} = {6FAF156E-DC49-4850-8488-4B0F07394049}
		{F29AF0E6-B208-4320-8FD4-92DC098D24C5} = {6FAF156E-DC49-4850-8488-4B0F07394049}
		{5E6E37FC-FEEC-4912-B205-E73C71CF48BB} = {6FAF156E-DC49-4850-8488-4B0F07394049}
		{B13340DA-30E9-41FC-85F5-23D7CDF5CAE2} = {6FAF156E-DC49-4850-8488-4B0F07394049}
		{F2CB363A-E3C8-470B-89C4-6001397A131E} = {DF8A34DA-B0BF-4AB1-9113-A839C5AF003A}
		{B77C4EA6-7A74-4D5F-A898-B100EE1DD0FF} = {DF8A34DA-B0BF-4AB1-9113-A839C5AF003A}
		{CED0E2CC-1083-4EA9-AC99-3A596A186568} = {DF8A34DA-B0BF-4AB1-9113-A839C5AF003A}
		{211AD352-12E6-47D0-99CB-BDDDF2647027} = {DF8A34DA-B0BF-4AB1-9113-A839C5AF003A}
		{124FC4E0-EA5F-4B59-98F8-F2D6EBB0076E} = {1D78284F-FD1A-47BE-ADA4-926399B700BE}
		{2F08DF5D-31AA-448D-97CA-5821AE132593} = {1D78284F-FD1A-47BE-ADA4-926399B700BE}
		{97E53AC0-8165-4F6A-BDA1-A74FC9BF665B} = {1D78284F-FD1A-47BE-ADA4-926399B700BE}
		{94BB27C9-94CD-4518-8813-079AB84BD499} = {1D78284F-FD1A-47BE-ADA4-926399B700BE}
		{1E33649D-F2E8-4EAB-A046-29CC0B55838F} = {96C539F6-4A16-4317-80B5-4677D06391EF}
	EndGlobalSection
	GlobalSection(ExtensibilityGlobals) = postSolution
		SolutionGuid = {DDD342F5-6634-4CB1-BF34-0856E76C5DDF}
	EndGlobalSection
EndGlobal
